
Microsoft Visual Studio Solution File, Format Version 11.00
# Visual Studio 2010
Project("{FAE04EC0-301F-11D3-BF4B-00C04F79EFBC}") = "Assembly-CSharp", "Assembly-CSharp.csproj", "{bb70fe16-b41d-ea81-068c-b5e286e0dea6}"
EndProject
Project("{FAE04EC0-301F-11D3-BF4B-00C04F79EFBC}") = "Assembly-CSharp-Editor", "Assembly-CSharp-Editor.csproj", "{3c1e72df-a965-31d5-6c59-bfca5320de02}"
EndProject
Global
	GlobalSection(SolutionConfigurationPlatforms) = preSolution
		Debug|Any CPU = Debug|Any CPU
	EndGlobalSection
	GlobalSection(ProjectConfigurationPlatforms) = postSolution
		{bb70fe16-b41d-ea81-068c-b5e286e0dea6}.Debug|Any CPU.ActiveCfg = Debug|Any CPU
		{bb70fe16-b41d-ea81-068c-b5e286e0dea6}.Debug|Any CPU.Build.0 = Debug|Any CPU
		{3c1e72df-a965-31d5-6c59-bfca5320de02}.Debug|Any CPU.ActiveCfg = Debug|Any CPU
		{3c1e72df-a965-31d5-6c59-bfca5320de02}.Debug|Any CPU.Build.0 = Debug|Any CPU
	EndGlobalSection
	GlobalSection(SolutionProperties) = preSolution
		HideSolutionNode = FALSE
	EndGlobalSection
EndGlobal
